
Microsoft Visual Studio Solution File, Format Version 11.00
# Visual Studio 2010
Project("{FAE04EC0-301F-11D3-BF4B-00C04F79EFBC}") = "Assembly-CSharp-firstpass", "Assembly-CSharp-firstpass.csproj", "{5CBAB0EE-D5F3-58DA-A858-3A58B91AB76D}"
EndProject
Project("{FAE04EC0-301F-11D3-BF4B-00C04F79EFBC}") = "Assembly-CSharp", "Assembly-CSharp.csproj", "{00FEF599-4EA9-D1A7-298C-FA591104DD26}"
EndProject
Project("{FAE04EC0-301F-11D3-BF4B-00C04F79EFBC}") = "Assembly-CSharp-Editor-firstpass", "Assembly-CSharp-Editor-firstpass.csproj", "{BE509AE8-D63E-56E7-AB30-B9B5C08C9F5C}"
EndProject
Project("{FAE04EC0-301F-11D3-BF4B-00C04F79EFBC}") = "Assembly-CSharp-Editor", "Assembly-CSharp-Editor.csproj", "{F7C9DCFB-D6C2-4740-ACC8-EBB2A3AC2011}"
EndProject
Global
	GlobalSection(SolutionConfigurationPlatforms) = preSolution
		Debug|Any CPU = Debug|Any CPU
		Release|Any CPU = Release|Any CPU
	EndGlobalSection
	GlobalSection(ProjectConfigurationPlatforms) = postSolution
		{5CBAB0EE-D5F3-58DA-A858-3A58B91AB76D}.Debug|Any CPU.ActiveCfg = Debug|Any CPU
		{5CBAB0EE-D5F3-58DA-A858-3A58B91AB76D}.Debug|Any CPU.Build.0 = Debug|Any CPU
		{5CBAB0EE-D5F3-58DA-A858-3A58B91AB76D}.Release|Any CPU.ActiveCfg = Release|Any CPU
		{5CBAB0EE-D5F3-58DA-A858-3A58B91AB76D}.Release|Any CPU.Build.0 = Release|Any CPU
		{00FEF599-4EA9-D1A7-298C-FA591104DD26}.Debug|Any CPU.ActiveCfg = Debug|Any CPU
		{00FEF599-4EA9-D1A7-298C-FA591104DD26}.Debug|Any CPU.Build.0 = Debug|Any CPU
		{00FEF599-4EA9-D1A7-298C-FA591104DD26}.Release|Any CPU.ActiveCfg = Release|Any CPU
		{00FEF599-4EA9-D1A7-298C-FA591104DD26}.Release|Any CPU.Build.0 = Release|Any CPU
		{BE509AE8-D63E-56E7-AB30-B9B5C08C9F5C}.Debug|Any CPU.ActiveCfg = Debug|Any CPU
		{BE509AE8-D63E-56E7-AB30-B9B5C08C9F5C}.Debug|Any CPU.Build.0 = Debug|Any CPU
		{BE509AE8-D63E-56E7-AB30-B9B5C08C9F5C}.Release|Any CPU.ActiveCfg = Release|Any CPU
		{BE509AE8-D63E-56E7-AB30-B9B5C08C9F5C}.Release|Any CPU.Build.0 = Release|Any CPU
		{F7C9DCFB-D6C2-4740-ACC8-EBB2A3AC2011}.Debug|Any CPU.ActiveCfg = Debug|Any CPU
		{F7C9DCFB-D6C2-4740-ACC8-EBB2A3AC2011}.Debug|Any CPU.Build.0 = Debug|Any CPU
		{F7C9DCFB-D6C2-4740-ACC8-EBB2A3AC2011}.Release|Any CPU.ActiveCfg = Release|Any CPU
		{F7C9DCFB-D6C2-4740-ACC8-EBB2A3AC2011}.Release|Any CPU.Build.0 = Release|Any CPU
	EndGlobalSection
	GlobalSection(SolutionProperties) = preSolution
		HideSolutionNode = FALSE
	EndGlobalSection
	GlobalSection(MonoDevelopProperties) = preSolution
		StartupItem = Assembly-CSharp.csproj
	EndGlobalSection
EndGlobal
